
Microsoft Visual Studio Solution File, Format Version 12.00
# Visual Studio Version 16
VisualStudioVersion = 16.0.31005.135
MinimumVisualStudioVersion = 10.0.40219.1
Project("{FAE04EC0-301F-11D3-BF4B-00C04F79EFBC}") = "Addingdemo", "Addingdemo\Addingdemo.csproj", "{F3707238-A456-4C64-A6D1-6893E321CCC6}"
EndProject
Global
	GlobalSection(SolutionConfigurationPlatforms) = preSolution
		Debug|Any CPU = Debug|Any CPU
		Release|Any CPU = Release|Any CPU
	EndGlobalSection
	GlobalSection(ProjectConfigurationPlatforms) = postSolution
		{F3707238-A456-4C64-A6D1-6893E321CCC6}.Debug|Any CPU.ActiveCfg = Debug|Any CPU
		{F3707238-A456-4C64-A6D1-6893E321CCC6}.Debug|Any CPU.Build.0 = Debug|Any CPU
		{F3707238-A456-4C64-A6D1-6893E321CCC6}.Release|Any CPU.ActiveCfg = Release|Any CPU
		{F3707238-A456-4C64-A6D1-6893E321CCC6}.Release|Any CPU.Build.0 = Release|Any CPU
	EndGlobalSection
	GlobalSection(SolutionProperties) = preSolution
		HideSolutionNode = FALSE
	EndGlobalSection
	GlobalSection(ExtensibilityGlobals) = postSolution
		SolutionGuid = {0B8A20C1-DBD4-49B8-B934-0BC5D6CB2D15}
	EndGlobalSection
EndGlobal
